
Microsoft Visual Studio Solution File, Format Version 12.00
# Visual Studio 15
VisualStudioVersion = 15.0.26730.16
MinimumVisualStudioVersion = 10.0.40219.1
Project("{FAE04EC0-301F-11D3-BF4B-00C04F79EFBC}") = "Plantafolie", "Plantafolie\Plantafolie.csproj", "{FC3FD1DA-FE41-4F69-92FE-86B0FD353DD7}"
EndProject
Global
	GlobalSection(SolutionConfigurationPlatforms) = preSolution
		Debug|Any CPU = Debug|Any CPU
		Release|Any CPU = Release|Any CPU
	EndGlobalSection
	GlobalSection(ProjectConfigurationPlatforms) = postSolution
		{FC3FD1DA-FE41-4F69-92FE-86B0FD353DD7}.Debug|Any CPU.ActiveCfg = Debug|Any CPU
		{FC3FD1DA-FE41-4F69-92FE-86B0FD353DD7}.Debug|Any CPU.Build.0 = Debug|Any CPU
		{FC3FD1DA-FE41-4F69-92FE-86B0FD353DD7}.Release|Any CPU.ActiveCfg = Release|Any CPU
		{FC3FD1DA-FE41-4F69-92FE-86B0FD353DD7}.Release|Any CPU.Build.0 = Release|Any CPU
	EndGlobalSection
	GlobalSection(SolutionProperties) = preSolution
		HideSolutionNode = FALSE
	EndGlobalSection
	GlobalSection(ExtensibilityGlobals) = postSolution
		SolutionGuid = {E3DCDAE5-C6B3-446B-B8A0-DA9F6F9556E9}
	EndGlobalSection
EndGlobal
